// !$*UTF8*$!
{
	archiveVersion = 1;
	classes = {
	};
	objectVersion = 56;
	objects = {

/* Begin PBXBuildFile section */
		62DE205B2ADD1E9D0019D956 /* AppDelegate.swift in Sources */ = {isa = PBXBuildFile; fileRef = 62DE205A2ADD1E9D0019D956 /* AppDelegate.swift */; };
		62DE205D2ADD1E9D0019D956 /* SceneDelegate.swift in Sources */ = {isa = PBXBuildFile; fileRef = 62DE205C2ADD1E9D0019D956 /* SceneDelegate.swift */; };
		62DE20622ADD1E9D0019D956 /* Main.storyboard in Resources */ = {isa = PBXBuildFile; fileRef = 62DE20602ADD1E9D0019D956 /* Main.storyboard */; };
		62DE20642ADD1EA00019D956 /* Assets.xcassets in Resources */ = {isa = PBXBuildFile; fileRef = 62DE20632ADD1EA00019D956 /* Assets.xcassets */; };
		62DE20672ADD1EA00019D956 /* LaunchScreen.storyboard in Resources */ = {isa = PBXBuildFile; fileRef = 62DE20652ADD1EA00019D956 /* LaunchScreen.storyboard */; };
/* End PBXBuildFile section */

/* Begin PBXFileReference section */
		62DE20572ADD1E9D0019D956 /* RESTApi.app */ = {isa = PBXFileReference; explicitFileType = wrapper.application; includeInIndex = 0; path = RESTApi.app; sourceTree = BUILT_PRODUCTS_DIR; };
		62DE205A2ADD1E9D0019D956 /* AppDelegate.swift */ = {isa = PBXFileReference; lastKnownFileType = sourcecode.swift; path = AppDelegate.swift; sourceTree = "<group>"; };
		62DE205C2ADD1E9D0019D956 /* SceneDelegate.swift */ = {isa = PBXFileReference; lastKnownFileType = sourcecode.swift; path = SceneDelegate.swift; sourceTree = "<group>"; };
		62DE20612ADD1E9D0019D956 /* Base */ = {isa = PBXFileReference; lastKnownFileType = file.storyboard; name = Base; path = Base.lproj/Main.storyboard; sourceTree = "<group>"; };
		62DE20632ADD1EA00019D956 /* Assets.xcassets */ = {isa = PBXFileReference; lastKnownFileType = folder.assetcatalog; path = Assets.xcassets; sourceTree = "<group>"; };
		62DE20662ADD1EA00019D956 /* Base */ = {isa = PBXFileReference; lastKnownFileType = file.storyboard; name = Base; path = Base.lproj/LaunchScreen.storyboard; sourceTree = "<group>"; };
		62DE20682ADD1EA00019D956 /* Info.plist */ = {isa = PBXFileReference; lastKnownFileType = text.plist.xml; path = Info.plist; sourceTree = "<group>"; };
/* End PBXFileReference section */

/* Begin PBXFrameworksBuildPhase section */
		62DE20542ADD1E9D0019D956 /* Frameworks */ = {
			isa = PBXFrameworksBuildPhase;
			buildActionMask = 2147483647;
			files = (
			);
			runOnlyForDeploymentPostprocessing = 0;
		};
/* End PBXFrameworksBuildPhase section */

/* Begin PBXGroup section */
		62DE204E2ADD1E9D0019D956 = {
			isa = PBXGroup;
			children = (
				62DE20592ADD1E9D0019D956 /* RESTApi */,
				62DE20582ADD1E9D0019D956 /* Products */,
			);
			sourceTree = "<group>";
		};
		62DE20582ADD1E9D0019D956 /* Products */ = {
			isa = PBXGroup;
			children = (
				62DE20572ADD1E9D0019D956 /* RESTApi.app */,
			);
			name = Products;
			sourceTree = "<group>";
		};
		62DE20592ADD1E9D0019D956 /* RESTApi */ = {
			isa = PBXGroup;
			children = (
				62DE206E2ADD1EAC0019D956 /* Application */,
				62DE20712ADD1EDF0019D956 /* Services */,
				62DE20722ADD1EF80019D956 /* Models */,
				62DE20702ADD1ED80019D956 /* Views */,
				62DE20732ADD1F090019D956 /* Controllers */,
				62DE206F2ADD1EC20019D956 /* Resources */,
			);
			path = RESTApi;
			sourceTree = "<group>";
		};
		62DE206E2ADD1EAC0019D956 /* Application */ = {
			isa = PBXGroup;
			children = (
				62DE205A2ADD1E9D0019D956 /* AppDelegate.swift */,
				62DE205C2ADD1E9D0019D956 /* SceneDelegate.swift */,
				62DE20682ADD1EA00019D956 /* Info.plist */,
			);
			name = Application;
			sourceTree = "<group>";
		};
		62DE206F2ADD1EC20019D956 /* Resources */ = {
			isa = PBXGroup;
			children = (
				62DE20632ADD1EA00019D956 /* Assets.xcassets */,
			);
			name = Resources;
			sourceTree = "<group>";
		};
		62DE20702ADD1ED80019D956 /* Views */ = {
			isa = PBXGroup;
			children = (
				62DE20602ADD1E9D0019D956 /* Main.storyboard */,
				62DE20652ADD1EA00019D956 /* LaunchScreen.storyboard */,
			);
			name = Views;
			sourceTree = "<group>";
		};
		62DE20712ADD1EDF0019D956 /* Services */ = {
			isa = PBXGroup;
			children = (
			);
			name = Services;
			sourceTree = "<group>";
		};
		62DE20722ADD1EF80019D956 /* Models */ = {
			isa = PBXGroup;
			children = (
			);
			name = Models;
			sourceTree = "<group>";
		};
		62DE20732ADD1F090019D956 /* Controllers */ = {
			isa = PBXGroup;
			children = (
				62DE20782ADD204E0019D956 /* UserList */,
				62DE20772ADD202C0019D956 /* ActionCollection */,
				62DE20762ADD20290019D956 /* Alboms */,
				62DE20752ADD20270019D956 /* ImageView */,
				62DE20742ADD20210019D956 /* Posts */,
			);
			path = Controllers;
			sourceTree = "<group>";
		};
		62DE20742ADD20210019D956 /* Posts */ = {
			isa = PBXGroup;
			children = (
			);
			path = Posts;
			sourceTree = "<group>";
		};
		62DE20752ADD20270019D956 /* ImageView */ = {
			isa = PBXGroup;
			children = (
			);
			path = ImageView;
			sourceTree = "<group>";
		};
		62DE20762ADD20290019D956 /* Alboms */ = {
			isa = PBXGroup;
			children = (
			);
			path = Alboms;
			sourceTree = "<group>";
		};
		62DE20772ADD202C0019D956 /* ActionCollection */ = {
			isa = PBXGroup;
			children = (
			);
			path = ActionCollection;
			sourceTree = "<group>";
		};
		62DE20782ADD204E0019D956 /* UserList */ = {
			isa = PBXGroup;
			children = (
			);
			path = UserList;
			sourceTree = "<group>";
		};
/* End PBXGroup section */

/* Begin PBXNativeTarget section */
		62DE20562ADD1E9D0019D956 /* RESTApi */ = {
			isa = PBXNativeTarget;
			buildConfigurationList = 62DE206B2ADD1EA00019D956 /* Build configuration list for PBXNativeTarget "RESTApi" */;
			buildPhases = (
				62DE20532ADD1E9D0019D956 /* Sources */,
				62DE20542ADD1E9D0019D956 /* Frameworks */,
				62DE20552ADD1E9D0019D956 /* Resources */,
			);
			buildRules = (
			);
			dependencies = (
			);
			name = RESTApi;
			productName = RESTApi;
			productReference = 62DE20572ADD1E9D0019D956 /* RESTApi.app */;
			productType = "com.apple.product-type.application";
		};
/* End PBXNativeTarget section */

/* Begin PBXProject section */
		62DE204F2ADD1E9D0019D956 /* Project object */ = {
			isa = PBXProject;
			attributes = {
				BuildIndependentTargetsInParallel = 1;
				LastSwiftUpdateCheck = 1500;
				LastUpgradeCheck = 1500;
				TargetAttributes = {
					62DE20562ADD1E9D0019D956 = {
						CreatedOnToolsVersion = 15.0;
					};
				};
			};
			buildConfigurationList = 62DE20522ADD1E9D0019D956 /* Build configuration list for PBXProject "RESTApi" */;
			compatibilityVersion = "Xcode 14.0";
			developmentRegion = en;
			hasScannedForEncodings = 0;
			knownRegions = (
				en,
				Base,
			);
			mainGroup = 62DE204E2ADD1E9D0019D956;
			productRefGroup = 62DE20582ADD1E9D0019D956 /* Products */;
			projectDirPath = "";
			projectRoot = "";
			targets = (
				62DE20562ADD1E9D0019D956 /* RESTApi */,
			);
		};
/* End PBXProject section */

/* Begin PBXResourcesBuildPhase section */
		62DE20552ADD1E9D0019D956 /* Resources */ = {
			isa = PBXResourcesBuildPhase;
			buildActionMask = 2147483647;
			files = (
				62DE20672ADD1EA00019D956 /* LaunchScreen.storyboard in Resources */,
				62DE20642ADD1EA00019D956 /* Assets.xcassets in Resources */,
				62DE20622ADD1E9D0019D956 /* Main.storyboard in Resources */,
			);
			runOnlyForDeploymentPostprocessing = 0;
		};
/* End PBXResourcesBuildPhase section */

/* Begin PBXSourcesBuildPhase section */
		62DE20532ADD1E9D0019D956 /* Sources */ = {
			isa = PBXSourcesBuildPhase;
			buildActionMask = 2147483647;
			files = (
				62DE205B2ADD1E9D0019D956 /* AppDelegate.swift in Sources */,
				62DE205D2ADD1E9D0019D956 /* SceneDelegate.swift in Sources */,
			);
			runOnlyForDeploymentPostprocessing = 0;
		};
/* End PBXSourcesBuildPhase section */

/* Begin PBXVariantGroup section */
		62DE20602ADD1E9D0019D956 /* Main.storyboard */ = {
			isa = PBXVariantGroup;
			children = (
				62DE20612ADD1E9D0019D956 /* Base */,
			);
			name = Main.storyboard;
			sourceTree = "<group>";
		};
		62DE20652ADD1EA00019D956 /* LaunchScreen.storyboard */ = {
			isa = PBXVariantGroup;
			children = (
				62DE20662ADD1EA00019D956 /* Base */,
			);
			name = LaunchScreen.storyboard;
			sourceTree = "<group>";
		};
/* End PBXVariantGroup section */

/* Begin XCBuildConfiguration section */
		62DE20692ADD1EA00019D956 /* Debug */ = {
			isa = XCBuildConfiguration;
			buildSettings = {
				ALWAYS_SEARCH_USER_PATHS = NO;
				ASSETCATALOG_COMPILER_GENERATE_SWIFT_ASSET_SYMBOL_EXTENSIONS = YES;
				CLANG_ANALYZER_NONNULL = YES;
				CLANG_ANALYZER_NUMBER_OBJECT_CONVERSION = YES_AGGRESSIVE;
				CLANG_CXX_LANGUAGE_STANDARD = "gnu++20";
				CLANG_ENABLE_MODULES = YES;
				CLANG_ENABLE_OBJC_ARC = YES;
				CLANG_ENABLE_OBJC_WEAK = YES;
				CLANG_WARN_BLOCK_CAPTURE_AUTORELEASING = YES;
				CLANG_WARN_BOOL_CONVERSION = YES;
				CLANG_WARN_COMMA = YES;
				CLANG_WARN_CONSTANT_CONVERSION = YES;
				CLANG_WARN_DEPRECATED_OBJC_IMPLEMENTATIONS = YES;
				CLANG_WARN_DIRECT_OBJC_ISA_USAGE = YES_ERROR;
				CLANG_WARN_DOCUMENTATION_COMMENTS = YES;
				CLANG_WARN_EMPTY_BODY = YES;
				CLANG_WARN_ENUM_CONVERSION = YES;
				CLANG_WARN_INFINITE_RECURSION = YES;
				CLANG_WARN_INT_CONVERSION = YES;
				CLANG_WARN_NON_LITERAL_NULL_CONVERSION = YES;
				CLANG_WARN_OBJC_IMPLICIT_RETAIN_SELF = YES;
				CLANG_WARN_OBJC_LITERAL_CONVERSION = YES;
				CLANG_WARN_OBJC_ROOT_CLASS = YES_ERROR;
				CLANG_WARN_QUOTED_INCLUDE_IN_FRAMEWORK_HEADER = YES;
				CLANG_WARN_RANGE_LOOP_ANALYSIS = YES;
				CLANG_WARN_STRICT_PROTOTYPES = YES;
				CLANG_WARN_SUSPICIOUS_MOVE = YES;
				CLANG_WARN_UNGUARDED_AVAILABILITY = YES_AGGRESSIVE;
				CLANG_WARN_UNREACHABLE_CODE = YES;
				CLANG_WARN__DUPLICATE_METHOD_MATCH = YES;
				COPY_PHASE_STRIP = NO;
				DEBUG_INFORMATION_FORMAT = dwarf;
				ENABLE_STRICT_OBJC_MSGSEND = YES;
				ENABLE_TESTABILITY = YES;
				ENABLE_USER_SCRIPT_SANDBOXING = YES;
				GCC_C_LANGUAGE_STANDARD = gnu17;
				GCC_DYNAMIC_NO_PIC = NO;
				GCC_NO_COMMON_BLOCKS = YES;
				GCC_OPTIMIZATION_LEVEL = 0;
				GCC_PREPROCESSOR_DEFINITIONS = (
					"DEBUG=1",
					"$(inherited)",
				);
				GCC_WARN_64_TO_32_BIT_CONVERSION = YES;
				GCC_WARN_ABOUT_RETURN_TYPE = YES_ERROR;
				GCC_WARN_UNDECLARED_SELECTOR = YES;
				GCC_WARN_UNINITIALIZED_AUTOS = YES_AGGRESSIVE;
				GCC_WARN_UNUSED_FUNCTION = YES;
				GCC_WARN_UNUSED_VARIABLE = YES;
				IPHONEOS_DEPLOYMENT_TARGET = 17.0;
				LOCALIZATION_PREFERS_STRING_CATALOGS = YES;
				MTL_ENABLE_DEBUG_INFO = INCLUDE_SOURCE;
				MTL_FAST_MATH = YES;
				ONLY_ACTIVE_ARCH = YES;
				SDKROOT = iphoneos;
				SWIFT_ACTIVE_COMPILATION_CONDITIONS = "DEBUG $(inherited)";
				SWIFT_OPTIMIZATION_LEVEL = "-Onone";
			};
			name = Debug;
		};
		62DE206A2ADD1EA00019D956 /* Release */ = {
			isa = XCBuildConfiguration;
			buildSettings = {
				ALWAYS_SEARCH_USER_PATHS = NO;
				ASSETCATALOG_COMPILER_GENERATE_SWIFT_ASSET_SYMBOL_EXTENSIONS = YES;
				CLANG_ANALYZER_NONNULL = YES;
				CLANG_ANALYZER_NUMBER_OBJECT_CONVERSION = YES_AGGRESSIVE;
				CLANG_CXX_LANGUAGE_STANDARD = "gnu++20";
				CLANG_ENABLE_MODULES = YES;
				CLANG_ENABLE_OBJC_ARC = YES;
				CLANG_ENABLE_OBJC_WEAK = YES;
				CLANG_WARN_BLOCK_CAPTURE_AUTORELEASING = YES;
				CLANG_WARN_BOOL_CONVERSION = YES;
				CLANG_WARN_COMMA = YES;
				CLANG_WARN_CONSTANT_CONVERSION = YES;
				CLANG_WARN_DEPRECATED_OBJC_IMPLEMENTATIONS = YES;
				CLANG_WARN_DIRECT_OBJC_ISA_USAGE = YES_ERROR;
				CLANG_WARN_DOCUMENTATION_COMMENTS = YES;
				CLANG_WARN_EMPTY_BODY = YES;
				CLANG_WARN_ENUM_CONVERSION = YES;
				CLANG_WARN_INFINITE_RECURSION = YES;
				CLANG_WARN_INT_CONVERSION = YES;
				CLANG_WARN_NON_LITERAL_NULL_CONVERSION = YES;
				CLANG_WARN_OBJC_IMPLICIT_RETAIN_SELF = YES;
				CLANG_WARN_OBJC_LITERAL_CONVERSION = YES;
				CLANG_WARN_OBJC_ROOT_CLASS = YES_ERROR;
				CLANG_WARN_QUOTED_INCLUDE_IN_FRAMEWORK_HEADER = YES;
				CLANG_WARN_RANGE_LOOP_ANALYSIS = YES;
				CLANG_WARN_STRICT_PROTOTYPES = YES;
				CLANG_WARN_SUSPICIOUS_MOVE = YES;
				CLANG_WARN_UNGUARDED_AVAILABILITY = YES_AGGRESSIVE;
				CLANG_WARN_UNREACHABLE_CODE = YES;
				CLANG_WARN__DUPLICATE_METHOD_MATCH = YES;
				COPY_PHASE_STRIP = NO;
				DEBUG_INFORMATION_FORMAT = "dwarf-with-dsym";
				ENABLE_NS_ASSERTIONS = NO;
				ENABLE_STRICT_OBJC_MSGSEND = YES;
				ENABLE_USER_SCRIPT_SANDBOXING = YES;
				GCC_C_LANGUAGE_STANDARD = gnu17;
				GCC_NO_COMMON_BLOCKS = YES;
				GCC_WARN_64_TO_32_BIT_CONVERSION = YES;
				GCC_WARN_ABOUT_RETURN_TYPE = YES_ERROR;
				GCC_WARN_UNDECLARED_SELECTOR = YES;
				GCC_WARN_UNINITIALIZED_AUTOS = YES_AGGRESSIVE;
				GCC_WARN_UNUSED_FUNCTION = YES;
				GCC_WARN_UNUSED_VARIABLE = YES;
				IPHONEOS_DEPLOYMENT_TARGET = 17.0;
				LOCALIZATION_PREFERS_STRING_CATALOGS = YES;
				MTL_ENABLE_DEBUG_INFO = NO;
				MTL_FAST_MATH = YES;
				SDKROOT = iphoneos;
				SWIFT_COMPILATION_MODE = wholemodule;
				VALIDATE_PRODUCT = YES;
			};
			name = Release;
		};
		62DE206C2ADD1EA00019D956 /* Debug */ = {
			isa = XCBuildConfiguration;
			buildSettings = {
				ASSETCATALOG_COMPILER_APPICON_NAME = AppIcon;
				ASSETCATALOG_COMPILER_GLOBAL_ACCENT_COLOR_NAME = AccentColor;
				CODE_SIGN_STYLE = Automatic;
				CURRENT_PROJECT_VERSION = 1;
				DEVELOPMENT_TEAM = W2HCKKQTYD;
				GENERATE_INFOPLIST_FILE = YES;
				INFOPLIST_FILE = RESTApi/Application/Info.plist;
				INFOPLIST_KEY_UIApplicationSupportsIndirectInputEvents = YES;
				INFOPLIST_KEY_UILaunchStoryboardName = LaunchScreen;
				INFOPLIST_KEY_UIMainStoryboardFile = Main;
				INFOPLIST_KEY_UISupportedInterfaceOrientations_iPad = "UIInterfaceOrientationPortrait UIInterfaceOrientationPortraitUpsideDown UIInterfaceOrientationLandscapeLeft UIInterfaceOrientationLandscapeRight";
				INFOPLIST_KEY_UISupportedInterfaceOrientations_iPhone = "UIInterfaceOrientationPortrait UIInterfaceOrientationLandscapeLeft UIInterfaceOrientationLandscapeRight";
				LD_RUNPATH_SEARCH_PATHS = (
					"$(inherited)",
					"@executable_path/Frameworks",
				);
				MARKETING_VERSION = 1.0;
				PRODUCT_BUNDLE_IDENTIFIER = "by.tms-HW.RESTApi";
				PRODUCT_NAME = "$(TARGET_NAME)";
				SWIFT_EMIT_LOC_STRINGS = YES;
				SWIFT_VERSION = 5.0;
				TARGETED_DEVICE_FAMILY = "1,2";
			};
			name = Debug;
		};
		62DE206D2ADD1EA00019D956 /* Release */ = {
			isa = XCBuildConfiguration;
			buildSettings = {
				ASSETCATALOG_COMPILER_APPICON_NAME = AppIcon;
				ASSETCATALOG_COMPILER_GLOBAL_ACCENT_COLOR_NAME = AccentColor;
				CODE_SIGN_STYLE = Automatic;
				CURRENT_PROJECT_VERSION = 1;
				DEVELOPMENT_TEAM = W2HCKKQTYD;
				GENERATE_INFOPLIST_FILE = YES;
				INFOPLIST_FILE = RESTApi/Application/Info.plist;
				INFOPLIST_KEY_UIApplicationSupportsIndirectInputEvents = YES;
				INFOPLIST_KEY_UILaunchStoryboardName = LaunchScreen;
				INFOPLIST_KEY_UIMainStoryboardFile = Main;
				INFOPLIST_KEY_UISupportedInterfaceOrientations_iPad = "UIInterfaceOrientationPortrait UIInterfaceOrientationPortraitUpsideDown UIInterfaceOrientationLandscapeLeft UIInterfaceOrientationLandscapeRight";
				INFOPLIST_KEY_UISupportedInterfaceOrientations_iPhone = "UIInterfaceOrientationPortrait UIInterfaceOrientationLandscapeLeft UIInterfaceOrientationLandscapeRight";
				LD_RUNPATH_SEARCH_PATHS = (
					"$(inherited)",
					"@executable_path/Frameworks",
				);
				MARKETING_VERSION = 1.0;
				PRODUCT_BUNDLE_IDENTIFIER = "by.tms-HW.RESTApi";
				PRODUCT_NAME = "$(TARGET_NAME)";
				SWIFT_EMIT_LOC_STRINGS = YES;
				SWIFT_VERSION = 5.0;
				TARGETED_DEVICE_FAMILY = "1,2";
			};
			name = Release;
		};
/* End XCBuildConfiguration section */

/* Begin XCConfigurationList section */
		62DE20522ADD1E9D0019D956 /* Build configuration list for PBXProject "RESTApi" */ = {
			isa = XCConfigurationList;
			buildConfigurations = (
				62DE20692ADD1EA00019D956 /* Debug */,
				62DE206A2ADD1EA00019D956 /* Release */,
			);
			defaultConfigurationIsVisible = 0;
			defaultConfigurationName = Release;
		};
		62DE206B2ADD1EA00019D956 /* Build configuration list for PBXNativeTarget "RESTApi" */ = {
			isa = XCConfigurationList;
			buildConfigurations = (
				62DE206C2ADD1EA00019D956 /* Debug */,
				62DE206D2ADD1EA00019D956 /* Release */,
			);
			defaultConfigurationIsVisible = 0;
			defaultConfigurationName = Release;
		};
/* End XCConfigurationList section */
	};
	rootObject = 62DE204F2ADD1E9D0019D956 /* Project object */;
}
